
Microsoft Visual Studio Solution File, Format Version 12.00
# Visual Studio Version 16
VisualStudioVersion = 16.0.31025.218
MinimumVisualStudioVersion = 10.0.40219.1
Project("{FAE04EC0-301F-11D3-BF4B-00C04F79EFBC}") = "DD2FFU", "DD2FFU\DD2FFU.csproj", "{CA57DA6A-2A35-4CA0-A620-A93FE63BB0F8}"
EndProject
Global
	GlobalSection(SolutionConfigurationPlatforms) = preSolution
		Debug|Any CPU = Debug|Any CPU
		Debug|x86 = Debug|x86
		Release|Any CPU = Release|Any CPU
		Release|x86 = Release|x86
	EndGlobalSection
	GlobalSection(ProjectConfigurationPlatforms) = postSolution
		{CA57DA6A-2A35-4CA0-A620-A93FE63BB0F8}.Debug|Any CPU.ActiveCfg = Debug|Any CPU
		{CA57DA6A-2A35-4CA0-A620-A93FE63BB0F8}.Debug|Any CPU.Build.0 = Debug|Any CPU
		{CA57DA6A-2A35-4CA0-A620-A93FE63BB0F8}.Debug|x86.ActiveCfg = Debug|x86
		{CA57DA6A-2A35-4CA0-A620-A93FE63BB0F8}.Debug|x86.Build.0 = Debug|x86
		{CA57DA6A-2A35-4CA0-A620-A93FE63BB0F8}.Release|Any CPU.ActiveCfg = Release|Any CPU
		{CA57DA6A-2A35-4CA0-A620-A93FE63BB0F8}.Release|Any CPU.Build.0 = Release|Any CPU
		{CA57DA6A-2A35-4CA0-A620-A93FE63BB0F8}.Release|x86.ActiveCfg = Release|Any CPU
		{CA57DA6A-2A35-4CA0-A620-A93FE63BB0F8}.Release|x86.Build.0 = Release|Any CPU
	EndGlobalSection
	GlobalSection(SolutionProperties) = preSolution
		HideSolutionNode = FALSE
	EndGlobalSection
	GlobalSection(ExtensibilityGlobals) = postSolution
		SolutionGuid = {6DA621E5-47DB-4347-9E95-7BD95B89DA04}
	EndGlobalSection
EndGlobal
